// !$*UTF8*$!
{
	archiveVersion = 1;
	classes = {
	};
	objectVersion = 56;
	objects = {

/* Begin PBXBuildFile section */
		39311C7A2A96B8DD00F41F18 /* CloudKit.framework in Frameworks */ = {isa = PBXBuildFile; fileRef = 39311C792A96B8DD00F41F18 /* CloudKit.framework */; };
		396E22D12A50DD0B00CE8E92 /* TaskManApp.swift in Sources */ = {isa = PBXBuildFile; fileRef = 396E22D02A50DD0B00CE8E92 /* TaskManApp.swift */; };
		396E22D32A50DD0B00CE8E92 /* MainView.swift in Sources */ = {isa = PBXBuildFile; fileRef = 396E22D22A50DD0B00CE8E92 /* MainView.swift */; };
		396E22D52A50DD0C00CE8E92 /* Assets.xcassets in Resources */ = {isa = PBXBuildFile; fileRef = 396E22D42A50DD0C00CE8E92 /* Assets.xcassets */; };
		396E22D82A50DD0C00CE8E92 /* Preview Assets.xcassets in Resources */ = {isa = PBXBuildFile; fileRef = 396E22D72A50DD0C00CE8E92 /* Preview Assets.xcassets */; };
		39BC2E4F2A525C02005AF8BF /* TaskView.swift in Sources */ = {isa = PBXBuildFile; fileRef = 39BC2E4E2A525C02005AF8BF /* TaskView.swift */; };
		39D9B9302A7B0252008B0349 /* TaskDataModel.xcdatamodeld in Sources */ = {isa = PBXBuildFile; fileRef = 39D9B92E2A7B0252008B0349 /* TaskDataModel.xcdatamodeld */; };
		39D9B9322A7B07C6008B0349 /* DataController.swift in Sources */ = {isa = PBXBuildFile; fileRef = 39D9B9312A7B07C6008B0349 /* DataController.swift */; };
		39D9B9342A8069A8008B0349 /* Extensions.swift in Sources */ = {isa = PBXBuildFile; fileRef = 39D9B9332A8069A8008B0349 /* Extensions.swift */; };
		39D9B9382A80772D008B0349 /* TaskModel.swift in Sources */ = {isa = PBXBuildFile; fileRef = 39D9B9372A80772D008B0349 /* TaskModel.swift */; };
/* End PBXBuildFile section */

/* Begin PBXFileReference section */
		39311C792A96B8DD00F41F18 /* CloudKit.framework */ = {isa = PBXFileReference; lastKnownFileType = wrapper.framework; name = CloudKit.framework; path = System/Library/Frameworks/CloudKit.framework; sourceTree = SDKROOT; };
		396E22CD2A50DD0B00CE8E92 /* TaskMan.app */ = {isa = PBXFileReference; explicitFileType = wrapper.application; includeInIndex = 0; path = TaskMan.app; sourceTree = BUILT_PRODUCTS_DIR; };
		396E22D02A50DD0B00CE8E92 /* TaskManApp.swift */ = {isa = PBXFileReference; lastKnownFileType = sourcecode.swift; path = TaskManApp.swift; sourceTree = "<group>"; };
		396E22D22A50DD0B00CE8E92 /* MainView.swift */ = {isa = PBXFileReference; lastKnownFileType = sourcecode.swift; path = MainView.swift; sourceTree = "<group>"; };
		396E22D42A50DD0C00CE8E92 /* Assets.xcassets */ = {isa = PBXFileReference; lastKnownFileType = folder.assetcatalog; path = Assets.xcassets; sourceTree = "<group>"; };
		396E22D72A50DD0C00CE8E92 /* Preview Assets.xcassets */ = {isa = PBXFileReference; lastKnownFileType = folder.assetcatalog; path = "Preview Assets.xcassets"; sourceTree = "<group>"; };
		39BC2E4E2A525C02005AF8BF /* TaskView.swift */ = {isa = PBXFileReference; lastKnownFileType = sourcecode.swift; path = TaskView.swift; sourceTree = "<group>"; };
		39D9B92F2A7B0252008B0349 /* TaskDataModel.xcdatamodel */ = {isa = PBXFileReference; lastKnownFileType = wrapper.xcdatamodel; path = TaskDataModel.xcdatamodel; sourceTree = "<group>"; };
		39D9B9312A7B07C6008B0349 /* DataController.swift */ = {isa = PBXFileReference; lastKnownFileType = sourcecode.swift; path = DataController.swift; sourceTree = "<group>"; };
		39D9B9332A8069A8008B0349 /* Extensions.swift */ = {isa = PBXFileReference; lastKnownFileType = sourcecode.swift; path = Extensions.swift; sourceTree = "<group>"; };
		39D9B9372A80772D008B0349 /* TaskModel.swift */ = {isa = PBXFileReference; lastKnownFileType = sourcecode.swift; path = TaskModel.swift; sourceTree = "<group>"; };
		39DA90212A895BD300934483 /* TaskMan.entitlements */ = {isa = PBXFileReference; lastKnownFileType = text.plist.entitlements; path = TaskMan.entitlements; sourceTree = "<group>"; };
		39DA90222A895DBA00934483 /* Info.plist */ = {isa = PBXFileReference; lastKnownFileType = text.plist.xml; path = Info.plist; sourceTree = "<group>"; };
/* End PBXFileReference section */

/* Begin PBXFrameworksBuildPhase section */
		396E22CA2A50DD0A00CE8E92 /* Frameworks */ = {
			isa = PBXFrameworksBuildPhase;
			buildActionMask = 2147483647;
			files = (
				39311C7A2A96B8DD00F41F18 /* CloudKit.framework in Frameworks */,
			);
			runOnlyForDeploymentPostprocessing = 0;
		};
/* End PBXFrameworksBuildPhase section */

/* Begin PBXGroup section */
		39311C782A96B8DD00F41F18 /* Frameworks */ = {
			isa = PBXGroup;
			children = (
				39311C792A96B8DD00F41F18 /* CloudKit.framework */,
			);
			name = Frameworks;
			sourceTree = "<group>";
		};
		396E22C42A50DD0A00CE8E92 = {
			isa = PBXGroup;
			children = (
				396E22CF2A50DD0B00CE8E92 /* TaskMan */,
				396E22CE2A50DD0B00CE8E92 /* Products */,
				39311C782A96B8DD00F41F18 /* Frameworks */,
			);
			sourceTree = "<group>";
		};
		396E22CE2A50DD0B00CE8E92 /* Products */ = {
			isa = PBXGroup;
			children = (
				396E22CD2A50DD0B00CE8E92 /* TaskMan.app */,
			);
			name = Products;
			sourceTree = "<group>";
		};
		396E22CF2A50DD0B00CE8E92 /* TaskMan */ = {
			isa = PBXGroup;
			children = (
				39DA90222A895DBA00934483 /* Info.plist */,
				39DA90212A895BD300934483 /* TaskMan.entitlements */,
				396E22D02A50DD0B00CE8E92 /* TaskManApp.swift */,
				396E22D22A50DD0B00CE8E92 /* MainView.swift */,
				39BC2E4E2A525C02005AF8BF /* TaskView.swift */,
				39D9B9372A80772D008B0349 /* TaskModel.swift */,
				39D9B9332A8069A8008B0349 /* Extensions.swift */,
				39D9B92E2A7B0252008B0349 /* TaskDataModel.xcdatamodeld */,
				39D9B9312A7B07C6008B0349 /* DataController.swift */,
				396E22D42A50DD0C00CE8E92 /* Assets.xcassets */,
				396E22D62A50DD0C00CE8E92 /* Preview Content */,
			);
			path = TaskMan;
			sourceTree = "<group>";
		};
		396E22D62A50DD0C00CE8E92 /* Preview Content */ = {
			isa = PBXGroup;
			children = (
				396E22D72A50DD0C00CE8E92 /* Preview Assets.xcassets */,
			);
			path = "Preview Content";
			sourceTree = "<group>";
		};
/* End PBXGroup section */

/* Begin PBXNativeTarget section */
		396E22CC2A50DD0A00CE8E92 /* TaskMan */ = {
			isa = PBXNativeTarget;
			buildConfigurationList = 396E22DB2A50DD0C00CE8E92 /* Build configuration list for PBXNativeTarget "TaskMan" */;
			buildPhases = (
				396E22C92A50DD0A00CE8E92 /* Sources */,
				396E22CA2A50DD0A00CE8E92 /* Frameworks */,
				396E22CB2A50DD0A00CE8E92 /* Resources */,
			);
			buildRules = (
			);
			dependencies = (
			);
			name = TaskMan;
			productName = TaskMan;
			productReference = 396E22CD2A50DD0B00CE8E92 /* TaskMan.app */;
			productType = "com.apple.product-type.application";
		};
/* End PBXNativeTarget section */

/* Begin PBXProject section */
		396E22C52A50DD0A00CE8E92 /* Project object */ = {
			isa = PBXProject;
			attributes = {
				BuildIndependentTargetsInParallel = 1;
				LastSwiftUpdateCheck = 1430;
				LastUpgradeCheck = 1430;
				TargetAttributes = {
					396E22CC2A50DD0A00CE8E92 = {
						CreatedOnToolsVersion = 14.3;
					};
				};
			};
			buildConfigurationList = 396E22C82A50DD0A00CE8E92 /* Build configuration list for PBXProject "TaskMan" */;
			compatibilityVersion = "Xcode 14.0";
			developmentRegion = en;
			hasScannedForEncodings = 0;
			knownRegions = (
				en,
				Base,
			);
			mainGroup = 396E22C42A50DD0A00CE8E92;
			productRefGroup = 396E22CE2A50DD0B00CE8E92 /* Products */;
			projectDirPath = "";
			projectRoot = "";
			targets = (
				396E22CC2A50DD0A00CE8E92 /* TaskMan */,
			);
		};
/* End PBXProject section */

/* Begin PBXResourcesBuildPhase section */
		396E22CB2A50DD0A00CE8E92 /* Resources */ = {
			isa = PBXResourcesBuildPhase;
			buildActionMask = 2147483647;
			files = (
				396E22D82A50DD0C00CE8E92 /* Preview Assets.xcassets in Resources */,
				396E22D52A50DD0C00CE8E92 /* Assets.xcassets in Resources */,
			);
			runOnlyForDeploymentPostprocessing = 0;
		};
/* End PBXResourcesBuildPhase section */

/* Begin PBXSourcesBuildPhase section */
		396E22C92A50DD0A00CE8E92 /* Sources */ = {
			isa = PBXSourcesBuildPhase;
			buildActionMask = 2147483647;
			files = (
				39BC2E4F2A525C02005AF8BF /* TaskView.swift in Sources */,
				39D9B9322A7B07C6008B0349 /* DataController.swift in Sources */,
				396E22D32A50DD0B00CE8E92 /* MainView.swift in Sources */,
				39D9B9302A7B0252008B0349 /* TaskDataModel.xcdatamodeld in Sources */,
				396E22D12A50DD0B00CE8E92 /* TaskManApp.swift in Sources */,
				39D9B9342A8069A8008B0349 /* Extensions.swift in Sources */,
				39D9B9382A80772D008B0349 /* TaskModel.swift in Sources */,
			);
			runOnlyForDeploymentPostprocessing = 0;
		};
/* End PBXSourcesBuildPhase section */

/* Begin XCBuildConfiguration section */
		396E22D92A50DD0C00CE8E92 /* Debug */ = {
			isa = XCBuildConfiguration;
			buildSettings = {
				ALWAYS_SEARCH_USER_PATHS = NO;
				CLANG_ANALYZER_NONNULL = YES;
				CLANG_ANALYZER_NUMBER_OBJECT_CONVERSION = YES_AGGRESSIVE;
				CLANG_CXX_LANGUAGE_STANDARD = "gnu++20";
				CLANG_ENABLE_MODULES = YES;
				CLANG_ENABLE_OBJC_ARC = YES;
				CLANG_ENABLE_OBJC_WEAK = YES;
				CLANG_WARN_BLOCK_CAPTURE_AUTORELEASING = YES;
				CLANG_WARN_BOOL_CONVERSION = YES;
				CLANG_WARN_COMMA = YES;
				CLANG_WARN_CONSTANT_CONVERSION = YES;
				CLANG_WARN_DEPRECATED_OBJC_IMPLEMENTATIONS = YES;
				CLANG_WARN_DIRECT_OBJC_ISA_USAGE = YES_ERROR;
				CLANG_WARN_DOCUMENTATION_COMMENTS = YES;
				CLANG_WARN_EMPTY_BODY = YES;
				CLANG_WARN_ENUM_CONVERSION = YES;
				CLANG_WARN_INFINITE_RECURSION = YES;
				CLANG_WARN_INT_CONVERSION = YES;
				CLANG_WARN_NON_LITERAL_NULL_CONVERSION = YES;
				CLANG_WARN_OBJC_IMPLICIT_RETAIN_SELF = YES;
				CLANG_WARN_OBJC_LITERAL_CONVERSION = YES;
				CLANG_WARN_OBJC_ROOT_CLASS = YES_ERROR;
				CLANG_WARN_QUOTED_INCLUDE_IN_FRAMEWORK_HEADER = YES;
				CLANG_WARN_RANGE_LOOP_ANALYSIS = YES;
				CLANG_WARN_STRICT_PROTOTYPES = YES;
				CLANG_WARN_SUSPICIOUS_MOVE = YES;
				CLANG_WARN_UNGUARDED_AVAILABILITY = YES_AGGRESSIVE;
				CLANG_WARN_UNREACHABLE_CODE = YES;
				CLANG_WARN__DUPLICATE_METHOD_MATCH = YES;
				COPY_PHASE_STRIP = NO;
				DEBUG_INFORMATION_FORMAT = dwarf;
				ENABLE_STRICT_OBJC_MSGSEND = YES;
				ENABLE_TESTABILITY = YES;
				GCC_C_LANGUAGE_STANDARD = gnu11;
				GCC_DYNAMIC_NO_PIC = NO;
				GCC_NO_COMMON_BLOCKS = YES;
				GCC_OPTIMIZATION_LEVEL = 0;
				GCC_PREPROCESSOR_DEFINITIONS = (
					"DEBUG=1",
					"$(inherited)",
				);
				GCC_WARN_64_TO_32_BIT_CONVERSION = YES;
				GCC_WARN_ABOUT_RETURN_TYPE = YES_ERROR;
				GCC_WARN_UNDECLARED_SELECTOR = YES;
				GCC_WARN_UNINITIALIZED_AUTOS = YES_AGGRESSIVE;
				GCC_WARN_UNUSED_FUNCTION = YES;
				GCC_WARN_UNUSED_VARIABLE = YES;
				IPHONEOS_DEPLOYMENT_TARGET = 16.4;
				MTL_ENABLE_DEBUG_INFO = INCLUDE_SOURCE;
				MTL_FAST_MATH = YES;
				ONLY_ACTIVE_ARCH = YES;
				SDKROOT = iphoneos;
				SWIFT_ACTIVE_COMPILATION_CONDITIONS = DEBUG;
				SWIFT_OPTIMIZATION_LEVEL = "-Onone";
			};
			name = Debug;
		};
		396E22DA2A50DD0C00CE8E92 /* Release */ = {
			isa = XCBuildConfiguration;
			buildSettings = {
				ALWAYS_SEARCH_USER_PATHS = NO;
				CLANG_ANALYZER_NONNULL = YES;
				CLANG_ANALYZER_NUMBER_OBJECT_CONVERSION = YES_AGGRESSIVE;
				CLANG_CXX_LANGUAGE_STANDARD = "gnu++20";
				CLANG_ENABLE_MODULES = YES;
				CLANG_ENABLE_OBJC_ARC = YES;
				CLANG_ENABLE_OBJC_WEAK = YES;
				CLANG_WARN_BLOCK_CAPTURE_AUTORELEASING = YES;
				CLANG_WARN_BOOL_CONVERSION = YES;
				CLANG_WARN_COMMA = YES;
				CLANG_WARN_CONSTANT_CONVERSION = YES;
				CLANG_WARN_DEPRECATED_OBJC_IMPLEMENTATIONS = YES;
				CLANG_WARN_DIRECT_OBJC_ISA_USAGE = YES_ERROR;
				CLANG_WARN_DOCUMENTATION_COMMENTS = YES;
				CLANG_WARN_EMPTY_BODY = YES;
				CLANG_WARN_ENUM_CONVERSION = YES;
				CLANG_WARN_INFINITE_RECURSION = YES;
				CLANG_WARN_INT_CONVERSION = YES;
				CLANG_WARN_NON_LITERAL_NULL_CONVERSION = YES;
				CLANG_WARN_OBJC_IMPLICIT_RETAIN_SELF = YES;
				CLANG_WARN_OBJC_LITERAL_CONVERSION = YES;
				CLANG_WARN_OBJC_ROOT_CLASS = YES_ERROR;
				CLANG_WARN_QUOTED_INCLUDE_IN_FRAMEWORK_HEADER = YES;
				CLANG_WARN_RANGE_LOOP_ANALYSIS = YES;
				CLANG_WARN_STRICT_PROTOTYPES = YES;
				CLANG_WARN_SUSPICIOUS_MOVE = YES;
				CLANG_WARN_UNGUARDED_AVAILABILITY = YES_AGGRESSIVE;
				CLANG_WARN_UNREACHABLE_CODE = YES;
				CLANG_WARN__DUPLICATE_METHOD_MATCH = YES;
				COPY_PHASE_STRIP = NO;
				DEBUG_INFORMATION_FORMAT = "dwarf-with-dsym";
				ENABLE_NS_ASSERTIONS = NO;
				ENABLE_STRICT_OBJC_MSGSEND = YES;
				GCC_C_LANGUAGE_STANDARD = gnu11;
				GCC_NO_COMMON_BLOCKS = YES;
				GCC_WARN_64_TO_32_BIT_CONVERSION = YES;
				GCC_WARN_ABOUT_RETURN_TYPE = YES_ERROR;
				GCC_WARN_UNDECLARED_SELECTOR = YES;
				GCC_WARN_UNINITIALIZED_AUTOS = YES_AGGRESSIVE;
				GCC_WARN_UNUSED_FUNCTION = YES;
				GCC_WARN_UNUSED_VARIABLE = YES;
				IPHONEOS_DEPLOYMENT_TARGET = 16.4;
				MTL_ENABLE_DEBUG_INFO = NO;
				MTL_FAST_MATH = YES;
				SDKROOT = iphoneos;
				SWIFT_COMPILATION_MODE = wholemodule;
				SWIFT_OPTIMIZATION_LEVEL = "-O";
				VALIDATE_PRODUCT = YES;
			};
			name = Release;
		};
		396E22DC2A50DD0C00CE8E92 /* Debug */ = {
			isa = XCBuildConfiguration;
			buildSettings = {
				ASSETCATALOG_COMPILER_APPICON_NAME = AppIcon;
				ASSETCATALOG_COMPILER_GLOBAL_ACCENT_COLOR_NAME = AccentColor;
				CODE_SIGN_ENTITLEMENTS = TaskMan/TaskMan.entitlements;
				CODE_SIGN_STYLE = Automatic;
				CURRENT_PROJECT_VERSION = 1;
				DEVELOPMENT_ASSET_PATHS = "\"TaskMan/Preview Content\"";
				DEVELOPMENT_TEAM = 3798C43WZH;
				ENABLE_PREVIEWS = YES;
				GENERATE_INFOPLIST_FILE = YES;
				INFOPLIST_FILE = TaskMan/Info.plist;
				INFOPLIST_KEY_UIApplicationSceneManifest_Generation = YES;
				INFOPLIST_KEY_UIApplicationSupportsIndirectInputEvents = YES;
				INFOPLIST_KEY_UILaunchScreen_Generation = YES;
				INFOPLIST_KEY_UISupportedInterfaceOrientations_iPad = "UIInterfaceOrientationPortrait UIInterfaceOrientationPortraitUpsideDown UIInterfaceOrientationLandscapeLeft UIInterfaceOrientationLandscapeRight";
				INFOPLIST_KEY_UISupportedInterfaceOrientations_iPhone = "UIInterfaceOrientationPortrait UIInterfaceOrientationLandscapeLeft UIInterfaceOrientationLandscapeRight";
				LD_RUNPATH_SEARCH_PATHS = (
					"$(inherited)",
					"@executable_path/Frameworks",
				);
				MARKETING_VERSION = 1.0;
				PRODUCT_BUNDLE_IDENTIFIER = com.aabagdi.TaskMan;
				PRODUCT_NAME = "$(TARGET_NAME)";
				SWIFT_EMIT_LOC_STRINGS = YES;
				SWIFT_VERSION = 5.0;
				TARGETED_DEVICE_FAMILY = "1,2";
			};
			name = Debug;
		};
		396E22DD2A50DD0C00CE8E92 /* Release */ = {
			isa = XCBuildConfiguration;
			buildSettings = {
				ASSETCATALOG_COMPILER_APPICON_NAME = AppIcon;
				ASSETCATALOG_COMPILER_GLOBAL_ACCENT_COLOR_NAME = AccentColor;
				CODE_SIGN_ENTITLEMENTS = TaskMan/TaskMan.entitlements;
				CODE_SIGN_STYLE = Automatic;
				CURRENT_PROJECT_VERSION = 1;
				DEVELOPMENT_ASSET_PATHS = "\"TaskMan/Preview Content\"";
				DEVELOPMENT_TEAM = 3798C43WZH;
				ENABLE_PREVIEWS = YES;
				GENERATE_INFOPLIST_FILE = YES;
				INFOPLIST_FILE = TaskMan/Info.plist;
				INFOPLIST_KEY_UIApplicationSceneManifest_Generation = YES;
				INFOPLIST_KEY_UIApplicationSupportsIndirectInputEvents = YES;
				INFOPLIST_KEY_UILaunchScreen_Generation = YES;
				INFOPLIST_KEY_UISupportedInterfaceOrientations_iPad = "UIInterfaceOrientationPortrait UIInterfaceOrientationPortraitUpsideDown UIInterfaceOrientationLandscapeLeft UIInterfaceOrientationLandscapeRight";
				INFOPLIST_KEY_UISupportedInterfaceOrientations_iPhone = "UIInterfaceOrientationPortrait UIInterfaceOrientationLandscapeLeft UIInterfaceOrientationLandscapeRight";
				LD_RUNPATH_SEARCH_PATHS = (
					"$(inherited)",
					"@executable_path/Frameworks",
				);
				MARKETING_VERSION = 1.0;
				PRODUCT_BUNDLE_IDENTIFIER = com.aabagdi.TaskMan;
				PRODUCT_NAME = "$(TARGET_NAME)";
				SWIFT_EMIT_LOC_STRINGS = YES;
				SWIFT_VERSION = 5.0;
				TARGETED_DEVICE_FAMILY = "1,2";
			};
			name = Release;
		};
/* End XCBuildConfiguration section */

/* Begin XCConfigurationList section */
		396E22C82A50DD0A00CE8E92 /* Build configuration list for PBXProject "TaskMan" */ = {
			isa = XCConfigurationList;
			buildConfigurations = (
				396E22D92A50DD0C00CE8E92 /* Debug */,
				396E22DA2A50DD0C00CE8E92 /* Release */,
			);
			defaultConfigurationIsVisible = 0;
			defaultConfigurationName = Release;
		};
		396E22DB2A50DD0C00CE8E92 /* Build configuration list for PBXNativeTarget "TaskMan" */ = {
			isa = XCConfigurationList;
			buildConfigurations = (
				396E22DC2A50DD0C00CE8E92 /* Debug */,
				396E22DD2A50DD0C00CE8E92 /* Release */,
			);
			defaultConfigurationIsVisible = 0;
			defaultConfigurationName = Release;
		};
/* End XCConfigurationList section */

/* Begin XCVersionGroup section */
		39D9B92E2A7B0252008B0349 /* TaskDataModel.xcdatamodeld */ = {
			isa = XCVersionGroup;
			children = (
				39D9B92F2A7B0252008B0349 /* TaskDataModel.xcdatamodel */,
			);
			currentVersion = 39D9B92F2A7B0252008B0349 /* TaskDataModel.xcdatamodel */;
			path = TaskDataModel.xcdatamodeld;
			sourceTree = "<group>";
			versionGroupType = wrapper.xcdatamodel;
		};
/* End XCVersionGroup section */
	};
	rootObject = 396E22C52A50DD0A00CE8E92 /* Project object */;
}
